
Microsoft Visual Studio Solution File, Format Version 12.00
# Visual Studio Version 16
VisualStudioVersion = 16.0.32106.194
MinimumVisualStudioVersion = 10.0.40219.1
Project("{FAE04EC0-301F-11D3-BF4B-00C04F79EFBC}") = "FidelityTest", "FidelityTest.csproj", "{4BF8E4E8-481A-4A5A-92FD-5E3B42C18698}"
EndProject
Global
	GlobalSection(SolutionConfigurationPlatforms) = preSolution
		Debug|Any CPU = Debug|Any CPU
		Release|Any CPU = Release|Any CPU
	EndGlobalSection
	GlobalSection(ProjectConfigurationPlatforms) = postSolution
		{4BF8E4E8-481A-4A5A-92FD-5E3B42C18698}.Debug|Any CPU.ActiveCfg = Debug|Any CPU
		{4BF8E4E8-481A-4A5A-92FD-5E3B42C18698}.Debug|Any CPU.Build.0 = Debug|Any CPU
		{4BF8E4E8-481A-4A5A-92FD-5E3B42C18698}.Release|Any CPU.ActiveCfg = Release|Any CPU
		{4BF8E4E8-481A-4A5A-92FD-5E3B42C18698}.Release|Any CPU.Build.0 = Release|Any CPU
	EndGlobalSection
	GlobalSection(SolutionProperties) = preSolution
		HideSolutionNode = FALSE
	EndGlobalSection
	GlobalSection(ExtensibilityGlobals) = postSolution
		SolutionGuid = {3C6D474C-8536-4982-ABDD-63D0F0D575B5}
	EndGlobalSection
EndGlobal
